Microsoft Visual Studio Solution File, Format Version 7.00
Project("{FAE04EC0-301F-11D3-BF4B-00C04F79EFBC}") = "FirstCommissionCalc", "FirstCommissionCalc.csproj", "{731B97BC-966E-4685-9DA1-C608842C57DF}"
EndProject
Global
	GlobalSection(SolutionConfiguration) = preSolution
		ConfigName.0 = Debug
		ConfigName.1 = Release
	EndGlobalSection
	GlobalSection(ProjectDependencies) = postSolution
	EndGlobalSection
	GlobalSection(ProjectConfiguration) = postSolution
		{731B97BC-966E-4685-9DA1-C608842C57DF}.Debug.ActiveCfg = Debug|.NET
		{731B97BC-966E-4685-9DA1-C608842C57DF}.Debug.Build.0 = Debug|.NET
		{731B97BC-966E-4685-9DA1-C608842C57DF}.Release.ActiveCfg = Release|.NET
		{731B97BC-966E-4685-9DA1-C608842C57DF}.Release.Build.0 = Release|.NET
	EndGlobalSection
	GlobalSection(ExtensibilityGlobals) = postSolution
	EndGlobalSection
	GlobalSection(ExtensibilityAddIns) = postSolution
	EndGlobalSection
EndGlobal
