Microsoft Visual Studio Solution File, Format Version 7.00
Project("{FAE04EC0-301F-11D3-BF4B-00C04F79EFBC}") = "SimpleDateClassProgram", "SimpleDateClassProgram.csproj", "{1FB97279-3169-4C2E-9348-D575439AC297}"
EndProject
Global
	GlobalSection(SolutionConfiguration) = preSolution
		ConfigName.0 = Debug
		ConfigName.1 = Release
	EndGlobalSection
	GlobalSection(ProjectDependencies) = postSolution
	EndGlobalSection
	GlobalSection(ProjectConfiguration) = postSolution
		{1FB97279-3169-4C2E-9348-D575439AC297}.Debug.ActiveCfg = Debug|.NET
		{1FB97279-3169-4C2E-9348-D575439AC297}.Debug.Build.0 = Debug|.NET
		{1FB97279-3169-4C2E-9348-D575439AC297}.Release.ActiveCfg = Release|.NET
		{1FB97279-3169-4C2E-9348-D575439AC297}.Release.Build.0 = Release|.NET
	EndGlobalSection
	GlobalSection(ExtensibilityGlobals) = postSolution
	EndGlobalSection
	GlobalSection(ExtensibilityAddIns) = postSolution
	EndGlobalSection
EndGlobal
