
Microsoft Visual Studio Solution File, Format Version 9.00
# Visual Studio 2005
Project("{FAE04EC0-301F-11D3-BF4B-00C04F79EFBC}") = "WhatColor", "WhatColor.csproj", "{7C36D8AE-58B8-4AF3-ACC2-BE797E584D25}"
EndProject
Global
	GlobalSection(SolutionConfigurationPlatforms) = preSolution
		Debug|Any CPU = Debug|Any CPU
		Release|Any CPU = Release|Any CPU
	EndGlobalSection
	GlobalSection(ProjectConfigurationPlatforms) = postSolution
		{7C36D8AE-58B8-4AF3-ACC2-BE797E584D25}.Debug|Any CPU.ActiveCfg = Debug|Any CPU
		{7C36D8AE-58B8-4AF3-ACC2-BE797E584D25}.Debug|Any CPU.Build.0 = Debug|Any CPU
		{7C36D8AE-58B8-4AF3-ACC2-BE797E584D25}.Release|Any CPU.ActiveCfg = Release|Any CPU
		{7C36D8AE-58B8-4AF3-ACC2-BE797E584D25}.Release|Any CPU.Build.0 = Release|Any CPU
	EndGlobalSection
	GlobalSection(SolutionProperties) = preSolution
		HideSolutionNode = FALSE
	EndGlobalSection
EndGlobal
