
Microsoft Visual Studio Solution File, Format Version 9.00
# Visual Studio 2005
Project("{FAE04EC0-301F-11D3-BF4B-00C04F79EFBC}") = "PrimevalFileExplorer", "PrimevalFileExplorer.csproj", "{0FD4BE96-7486-4329-B609-7ACCDF30695B}"
EndProject
Global
	GlobalSection(SolutionConfigurationPlatforms) = preSolution
		Debug|Any CPU = Debug|Any CPU
		Release|Any CPU = Release|Any CPU
	EndGlobalSection
	GlobalSection(ProjectConfigurationPlatforms) = postSolution
		{0FD4BE96-7486-4329-B609-7ACCDF30695B}.Debug|Any CPU.ActiveCfg = Debug|Any CPU
		{0FD4BE96-7486-4329-B609-7ACCDF30695B}.Debug|Any CPU.Build.0 = Debug|Any CPU
		{0FD4BE96-7486-4329-B609-7ACCDF30695B}.Release|Any CPU.ActiveCfg = Release|Any CPU
		{0FD4BE96-7486-4329-B609-7ACCDF30695B}.Release|Any CPU.Build.0 = Release|Any CPU
	EndGlobalSection
	GlobalSection(SolutionProperties) = preSolution
		HideSolutionNode = FALSE
	EndGlobalSection
EndGlobal
