Microsoft Visual Studio Solution File, Format Version 7.00
Project("{FAE04EC0-301F-11D3-BF4B-00C04F79EFBC}") = "SimpleDateStructureProgram", "SimpleDateStructureProgram.csproj", "{A3F2171F-67DF-4463-A5A2-DC123964F1BA}"
EndProject
Global
	GlobalSection(SolutionConfiguration) = preSolution
		ConfigName.0 = Debug
		ConfigName.1 = Release
	EndGlobalSection
	GlobalSection(ProjectDependencies) = postSolution
	EndGlobalSection
	GlobalSection(ProjectConfiguration) = postSolution
		{A3F2171F-67DF-4463-A5A2-DC123964F1BA}.Debug.ActiveCfg = Debug|.NET
		{A3F2171F-67DF-4463-A5A2-DC123964F1BA}.Debug.Build.0 = Debug|.NET
		{A3F2171F-67DF-4463-A5A2-DC123964F1BA}.Release.ActiveCfg = Release|.NET
		{A3F2171F-67DF-4463-A5A2-DC123964F1BA}.Release.Build.0 = Release|.NET
	EndGlobalSection
	GlobalSection(ExtensibilityGlobals) = postSolution
	EndGlobalSection
	GlobalSection(ExtensibilityAddIns) = postSolution
	EndGlobalSection
EndGlobal
