
Microsoft Visual Studio Solution File, Format Version 9.00
# Visual Studio 2005
Project("{FAE04EC0-301F-11D3-BF4B-00C04F79EFBC}") = "MessageButtonLib", "MessageButtonLib\MessageButtonLib.csproj", "{00139BC8-8288-4E12-951D-4F2A5EA98842}"
EndProject
Project("{FAE04EC0-301F-11D3-BF4B-00C04F79EFBC}") = "ProgramUsingLibrary", "ProgramUsingLibrary\ProgramUsingLibrary.csproj", "{F8C6E579-B7C5-4B69-B0BC-C9A2270A0D6C}"
EndProject
Global
	GlobalSection(SolutionConfigurationPlatforms) = preSolution
		Debug|Any CPU = Debug|Any CPU
		Release|Any CPU = Release|Any CPU
	EndGlobalSection
	GlobalSection(ProjectConfigurationPlatforms) = postSolution
		{00139BC8-8288-4E12-951D-4F2A5EA98842}.Debug|Any CPU.ActiveCfg = Debug|Any CPU
		{00139BC8-8288-4E12-951D-4F2A5EA98842}.Debug|Any CPU.Build.0 = Debug|Any CPU
		{00139BC8-8288-4E12-951D-4F2A5EA98842}.Release|Any CPU.ActiveCfg = Release|Any CPU
		{00139BC8-8288-4E12-951D-4F2A5EA98842}.Release|Any CPU.Build.0 = Release|Any CPU
		{F8C6E579-B7C5-4B69-B0BC-C9A2270A0D6C}.Debug|Any CPU.ActiveCfg = Debug|Any CPU
		{F8C6E579-B7C5-4B69-B0BC-C9A2270A0D6C}.Debug|Any CPU.Build.0 = Debug|Any CPU
		{F8C6E579-B7C5-4B69-B0BC-C9A2270A0D6C}.Release|Any CPU.ActiveCfg = Release|Any CPU
		{F8C6E579-B7C5-4B69-B0BC-C9A2270A0D6C}.Release|Any CPU.Build.0 = Release|Any CPU
	EndGlobalSection
	GlobalSection(SolutionProperties) = preSolution
		HideSolutionNode = FALSE
	EndGlobalSection
EndGlobal
