Microsoft Visual Studio Solution File, Format Version 7.00
Project("{FAE04EC0-301F-11D3-BF4B-00C04F79EFBC}") = "TicketCalc", "TicketCalc.csproj", "{E1721744-4C24-4F62-A1FE-3DAB2CCB5400}"
EndProject
Global
	GlobalSection(SolutionConfiguration) = preSolution
		ConfigName.0 = Debug
		ConfigName.1 = Release
	EndGlobalSection
	GlobalSection(ProjectDependencies) = postSolution
	EndGlobalSection
	GlobalSection(ProjectConfiguration) = postSolution
		{E1721744-4C24-4F62-A1FE-3DAB2CCB5400}.Debug.ActiveCfg = Debug|.NET
		{E1721744-4C24-4F62-A1FE-3DAB2CCB5400}.Debug.Build.0 = Debug|.NET
		{E1721744-4C24-4F62-A1FE-3DAB2CCB5400}.Release.ActiveCfg = Release|.NET
		{E1721744-4C24-4F62-A1FE-3DAB2CCB5400}.Release.Build.0 = Release|.NET
	EndGlobalSection
	GlobalSection(ExtensibilityGlobals) = postSolution
	EndGlobalSection
	GlobalSection(ExtensibilityAddIns) = postSolution
	EndGlobalSection
EndGlobal
