Microsoft Visual Studio Solution File, Format Version 7.00
Project("{FAE04EC0-301F-11D3-BF4B-00C04F79EFBC}") = "StructureAndMethodsOne", "StructureAndMethodsOne.csproj", "{0ADE2D4F-F8DF-45AC-952A-EDE7D4CFB6DC}"
EndProject
Global
	GlobalSection(SolutionConfiguration) = preSolution
		ConfigName.0 = Debug
		ConfigName.1 = Release
	EndGlobalSection
	GlobalSection(ProjectDependencies) = postSolution
	EndGlobalSection
	GlobalSection(ProjectConfiguration) = postSolution
		{0ADE2D4F-F8DF-45AC-952A-EDE7D4CFB6DC}.Debug.ActiveCfg = Debug|.NET
		{0ADE2D4F-F8DF-45AC-952A-EDE7D4CFB6DC}.Debug.Build.0 = Debug|.NET
		{0ADE2D4F-F8DF-45AC-952A-EDE7D4CFB6DC}.Release.ActiveCfg = Release|.NET
		{0ADE2D4F-F8DF-45AC-952A-EDE7D4CFB6DC}.Release.Build.0 = Release|.NET
	EndGlobalSection
	GlobalSection(ExtensibilityGlobals) = postSolution
	EndGlobalSection
	GlobalSection(ExtensibilityAddIns) = postSolution
	EndGlobalSection
EndGlobal
