Microsoft Visual Studio Solution File, Format Version 7.00
Project("{FAE04EC0-301F-11D3-BF4B-00C04F79EFBC}") = "PropertyTest", "PropertyTest.csproj", "{4D17B513-D56F-4E55-BCAB-18772D930B26}"
EndProject
Global
	GlobalSection(SolutionConfiguration) = preSolution
		ConfigName.0 = Debug
		ConfigName.1 = Release
	EndGlobalSection
	GlobalSection(ProjectDependencies) = postSolution
	EndGlobalSection
	GlobalSection(ProjectConfiguration) = postSolution
		{4D17B513-D56F-4E55-BCAB-18772D930B26}.Debug.ActiveCfg = Debug|.NET
		{4D17B513-D56F-4E55-BCAB-18772D930B26}.Debug.Build.0 = Debug|.NET
		{4D17B513-D56F-4E55-BCAB-18772D930B26}.Release.ActiveCfg = Release|.NET
		{4D17B513-D56F-4E55-BCAB-18772D930B26}.Release.Build.0 = Release|.NET
	EndGlobalSection
	GlobalSection(ExtensibilityGlobals) = postSolution
	EndGlobalSection
	GlobalSection(ExtensibilityAddIns) = postSolution
	EndGlobalSection
EndGlobal
