Microsoft Visual Studio Solution File, Format Version 7.00
Project("{FAE04EC0-301F-11D3-BF4B-00C04F79EFBC}") = "CommissionCalcWithIf", "CommissionCalcWithIf.csproj", "{FD3CF43C-BCA4-4C40-8DDE-B5D319320096}"
EndProject
Global
	GlobalSection(SolutionConfiguration) = preSolution
		ConfigName.0 = Debug
		ConfigName.1 = Release
	EndGlobalSection
	GlobalSection(ProjectDependencies) = postSolution
	EndGlobalSection
	GlobalSection(ProjectConfiguration) = postSolution
		{FD3CF43C-BCA4-4C40-8DDE-B5D319320096}.Debug.ActiveCfg = Debug|.NET
		{FD3CF43C-BCA4-4C40-8DDE-B5D319320096}.Debug.Build.0 = Debug|.NET
		{FD3CF43C-BCA4-4C40-8DDE-B5D319320096}.Release.ActiveCfg = Release|.NET
		{FD3CF43C-BCA4-4C40-8DDE-B5D319320096}.Release.Build.0 = Release|.NET
	EndGlobalSection
	GlobalSection(ExtensibilityGlobals) = postSolution
	EndGlobalSection
	GlobalSection(ExtensibilityAddIns) = postSolution
	EndGlobalSection
EndGlobal
