Microsoft Visual Studio Solution File, Format Version 7.00
Project("{FAE04EC0-301F-11D3-BF4B-00C04F79EFBC}") = "DaysInMonth", "DaysInMonth.csproj", "{49B1BC8B-27E8-4EC2-9248-7D70DEFC63FE}"
EndProject
Global
	GlobalSection(SolutionConfiguration) = preSolution
		ConfigName.0 = Debug
		ConfigName.1 = Release
	EndGlobalSection
	GlobalSection(ProjectDependencies) = postSolution
	EndGlobalSection
	GlobalSection(ProjectConfiguration) = postSolution
		{49B1BC8B-27E8-4EC2-9248-7D70DEFC63FE}.Debug.ActiveCfg = Debug|.NET
		{49B1BC8B-27E8-4EC2-9248-7D70DEFC63FE}.Debug.Build.0 = Debug|.NET
		{49B1BC8B-27E8-4EC2-9248-7D70DEFC63FE}.Release.ActiveCfg = Release|.NET
		{49B1BC8B-27E8-4EC2-9248-7D70DEFC63FE}.Release.Build.0 = Release|.NET
	EndGlobalSection
	GlobalSection(ExtensibilityGlobals) = postSolution
	EndGlobalSection
	GlobalSection(ExtensibilityAddIns) = postSolution
	EndGlobalSection
EndGlobal
