Microsoft Visual Studio Solution File, Format Version 7.00
Project("{FAE04EC0-301F-11D3-BF4B-00C04F79EFBC}") = "ArrayValueParameter", "ArrayValueParameter.csproj", "{C40FA70F-2DEE-477E-81DB-62C2CB5308BE}"
EndProject
Global
	GlobalSection(SolutionConfiguration) = preSolution
		ConfigName.0 = Debug
		ConfigName.1 = Release
	EndGlobalSection
	GlobalSection(ProjectDependencies) = postSolution
	EndGlobalSection
	GlobalSection(ProjectConfiguration) = postSolution
		{C40FA70F-2DEE-477E-81DB-62C2CB5308BE}.Debug.ActiveCfg = Debug|.NET
		{C40FA70F-2DEE-477E-81DB-62C2CB5308BE}.Debug.Build.0 = Debug|.NET
		{C40FA70F-2DEE-477E-81DB-62C2CB5308BE}.Release.ActiveCfg = Release|.NET
		{C40FA70F-2DEE-477E-81DB-62C2CB5308BE}.Release.Build.0 = Release|.NET
	EndGlobalSection
	GlobalSection(ExtensibilityGlobals) = postSolution
	EndGlobalSection
	GlobalSection(ExtensibilityAddIns) = postSolution
	EndGlobalSection
EndGlobal
