Microsoft Visual Studio Solution File, Format Version 7.00
Project("{FAE04EC0-301F-11D3-BF4B-00C04F79EFBC}") = "ConsistencyChecking", "ConsistencyChecking.csproj", "{CC27CEE1-93A7-40BE-A628-AA347A1AB4CB}"
EndProject
Global
	GlobalSection(SolutionConfiguration) = preSolution
		ConfigName.0 = Debug
		ConfigName.1 = Release
	EndGlobalSection
	GlobalSection(ProjectDependencies) = postSolution
	EndGlobalSection
	GlobalSection(ProjectConfiguration) = postSolution
		{CC27CEE1-93A7-40BE-A628-AA347A1AB4CB}.Debug.ActiveCfg = Debug|.NET
		{CC27CEE1-93A7-40BE-A628-AA347A1AB4CB}.Debug.Build.0 = Debug|.NET
		{CC27CEE1-93A7-40BE-A628-AA347A1AB4CB}.Release.ActiveCfg = Release|.NET
		{CC27CEE1-93A7-40BE-A628-AA347A1AB4CB}.Release.Build.0 = Release|.NET
	EndGlobalSection
	GlobalSection(ExtensibilityGlobals) = postSolution
	EndGlobalSection
	GlobalSection(ExtensibilityAddIns) = postSolution
	EndGlobalSection
EndGlobal
