
Microsoft Visual Studio Solution File, Format Version 9.00
# Visual Studio 2005
Project("{FAE04EC0-301F-11D3-BF4B-00C04F79EFBC}") = "FontMenu2", "FontMenu2.csproj", "{951DA6F4-F542-4E4B-BA63-CEA620C63680}"
EndProject
Global
	GlobalSection(SolutionConfigurationPlatforms) = preSolution
		Debug|Any CPU = Debug|Any CPU
		Release|Any CPU = Release|Any CPU
	EndGlobalSection
	GlobalSection(ProjectConfigurationPlatforms) = postSolution
		{951DA6F4-F542-4E4B-BA63-CEA620C63680}.Debug|Any CPU.ActiveCfg = Debug|Any CPU
		{951DA6F4-F542-4E4B-BA63-CEA620C63680}.Debug|Any CPU.Build.0 = Debug|Any CPU
		{951DA6F4-F542-4E4B-BA63-CEA620C63680}.Release|Any CPU.ActiveCfg = Release|Any CPU
		{951DA6F4-F542-4E4B-BA63-CEA620C63680}.Release|Any CPU.Build.0 = Release|Any CPU
	EndGlobalSection
	GlobalSection(SolutionProperties) = preSolution
		HideSolutionNode = FALSE
	EndGlobalSection
EndGlobal
