
Microsoft Visual Studio Solution File, Format Version 9.00
# Visual Studio 2005
Project("{FAE04EC0-301F-11D3-BF4B-00C04F79EFBC}") = "SpinningWheel", "SpinningWheel.csproj", "{7A14D3A2-0940-4007-816B-774F2BFE7672}"
EndProject
Global
	GlobalSection(SolutionConfigurationPlatforms) = preSolution
		Debug|Any CPU = Debug|Any CPU
		Release|Any CPU = Release|Any CPU
	EndGlobalSection
	GlobalSection(ProjectConfigurationPlatforms) = postSolution
		{7A14D3A2-0940-4007-816B-774F2BFE7672}.Debug|Any CPU.ActiveCfg = Debug|Any CPU
		{7A14D3A2-0940-4007-816B-774F2BFE7672}.Debug|Any CPU.Build.0 = Debug|Any CPU
		{7A14D3A2-0940-4007-816B-774F2BFE7672}.Release|Any CPU.ActiveCfg = Release|Any CPU
		{7A14D3A2-0940-4007-816B-774F2BFE7672}.Release|Any CPU.Build.0 = Release|Any CPU
	EndGlobalSection
	GlobalSection(SolutionProperties) = preSolution
		HideSolutionNode = FALSE
	EndGlobalSection
EndGlobal
