Microsoft Visual Studio Solution File, Format Version 7.00
Project("{F184B08F-C81C-45F6-A57F-5ABD9991F28F}") = "Scribble", "Scribble\Scribble.vbproj", "{5922DB09-6B89-4DEE-807E-722085F7A688}"
EndProject
Project("{F184B08F-C81C-45F6-A57F-5ABD9991F28F}") = "Checker", "Checker\Checker.vbproj", "{5A1621CE-FFB6-4725-9EF2-4DEA948CFE32}"
EndProject
Project("{F184B08F-C81C-45F6-A57F-5ABD9991F28F}") = "CheckerWithKeyboard", "CheckerWithKeyboard\CheckerWithKeyboard.vbproj", "{3BB9113D-DD8A-479C-B3F5-F9DFF8C9E577}"
EndProject
Project("{F184B08F-C81C-45F6-A57F-5ABD9991F28F}") = "CheckerWithChildren", "CheckerWithChildren\CheckerWithChildren.vbproj", "{5339DFF5-8580-47B8-BB00-A7AD8F3A6AB2}"
EndProject
Project("{F184B08F-C81C-45F6-A57F-5ABD9991F28F}") = "MouseConnect", "MouseConnect\MouseConnect.vbproj", "{D7503F57-3BA1-4729-A348-8927C544FAD5}"
EndProject
Project("{F184B08F-C81C-45F6-A57F-5ABD9991F28F}") = "CheckerWithChildrenAndFocus", "CheckerWithChildrenAndFocus\CheckerWithChildrenAndFocus.vbproj", "{63EDE5F4-1373-41C3-84B9-8053E35CC40C}"
EndProject
Project("{F184B08F-C81C-45F6-A57F-5ABD9991F28F}") = "EnterLeave", "EnterLeave\EnterLeave.vbproj", "{A11450BB-AE75-448E-A2F5-0183D0338D94}"
EndProject
Project("{F184B08F-C81C-45F6-A57F-5ABD9991F28F}") = "MouseWeb", "MouseWeb\MouseWeb.vbproj", "{4BCF318F-F212-4560-8EE0-99A6618DA694}"
EndProject
Project("{F184B08F-C81C-45F6-A57F-5ABD9991F28F}") = "MouseCursors", "MouseCursors\MouseCursors.vbproj", "{8B1D8F83-C235-4C34-8584-63E8FF4EF9E6}"
EndProject
Project("{F184B08F-C81C-45F6-A57F-5ABD9991F28F}") = "PoePoem", "PoePoem\PoePoem.vbproj", "{7A2C2C7C-9437-413E-9AEA-4C25AF162162}"
EndProject
Project("{F184B08F-C81C-45F6-A57F-5ABD9991F28F}") = "MouseConnectWaitCursor", "MouseConnectWaitCursor\MouseConnectWaitCursor.vbproj", "{9E407AC7-6EE2-4C32-900E-8B90C9B9AB60}"
EndProject
Project("{F184B08F-C81C-45F6-A57F-5ABD9991F28F}") = "BlockOut", "BlockOut\BlockOut.vbproj", "{A98915E5-B09A-412F-BE5B-7F04CC4E7E1F}"
EndProject
Project("{F184B08F-C81C-45F6-A57F-5ABD9991F28F}") = "MouseCursorsProperty", "MouseCursorsProperty\MouseCursorsProperty.vbproj", "{9DF9BC22-ED03-45D4-AE91-0F5A97A2A9D4}"
EndProject
Project("{F184B08F-C81C-45F6-A57F-5ABD9991F28F}") = "BetterBlockOut", "BetterBlockOut\BetterBlockOut.vbproj", "{D6286288-B983-4C2C-91F3-990B88E249A9}"
EndProject
Project("{F184B08F-C81C-45F6-A57F-5ABD9991F28F}") = "EvenBetterBlockOut", "EvenBetterBlockOut\EvenBetterBlockOut.vbproj", "{BBE1B255-7479-4A7D-AD10-4EECD3FFBAE1}"
EndProject
Project("{F184B08F-C81C-45F6-A57F-5ABD9991F28F}") = "CaptureLoss", "CaptureLoss\CaptureLoss.vbproj", "{41D688E1-EB63-4665-A3AE-789F5DE72639}"
EndProject
Project("{F184B08F-C81C-45F6-A57F-5ABD9991F28F}") = "HitTestText", "HitTestText\HitTestText.vbproj", "{570D8A61-79E8-44C8-BD6D-3220D8AEDCF6}"
EndProject
Project("{F184B08F-C81C-45F6-A57F-5ABD9991F28F}") = "ScribbleWithSave", "ScribbleWithSave\ScribbleWithSave.vbproj", "{23E72B8E-8F2F-4BE8-B070-83204E8C27C9}"
EndProject
Global
	GlobalSection(SolutionConfiguration) = preSolution
		ConfigName.0 = Debug
		ConfigName.1 = Release
	EndGlobalSection
	GlobalSection(ProjectDependencies) = postSolution
	EndGlobalSection
	GlobalSection(ProjectConfiguration) = postSolution
		{5922DB09-6B89-4DEE-807E-722085F7A688}.Debug.ActiveCfg = Debug|.NET
		{5922DB09-6B89-4DEE-807E-722085F7A688}.Debug.Build.0 = Debug|.NET
		{5922DB09-6B89-4DEE-807E-722085F7A688}.Release.ActiveCfg = Release|.NET
		{5922DB09-6B89-4DEE-807E-722085F7A688}.Release.Build.0 = Release|.NET
		{5A1621CE-FFB6-4725-9EF2-4DEA948CFE32}.Debug.ActiveCfg = Debug|.NET
		{5A1621CE-FFB6-4725-9EF2-4DEA948CFE32}.Debug.Build.0 = Debug|.NET
		{5A1621CE-FFB6-4725-9EF2-4DEA948CFE32}.Release.ActiveCfg = Release|.NET
		{5A1621CE-FFB6-4725-9EF2-4DEA948CFE32}.Release.Build.0 = Release|.NET
		{3BB9113D-DD8A-479C-B3F5-F9DFF8C9E577}.Debug.ActiveCfg = Debug|.NET
		{3BB9113D-DD8A-479C-B3F5-F9DFF8C9E577}.Debug.Build.0 = Debug|.NET
		{3BB9113D-DD8A-479C-B3F5-F9DFF8C9E577}.Release.ActiveCfg = Release|.NET
		{3BB9113D-DD8A-479C-B3F5-F9DFF8C9E577}.Release.Build.0 = Release|.NET
		{5339DFF5-8580-47B8-BB00-A7AD8F3A6AB2}.Debug.ActiveCfg = Debug|.NET
		{5339DFF5-8580-47B8-BB00-A7AD8F3A6AB2}.Debug.Build.0 = Debug|.NET
		{5339DFF5-8580-47B8-BB00-A7AD8F3A6AB2}.Release.ActiveCfg = Release|.NET
		{5339DFF5-8580-47B8-BB00-A7AD8F3A6AB2}.Release.Build.0 = Release|.NET
		{D7503F57-3BA1-4729-A348-8927C544FAD5}.Debug.ActiveCfg = Debug|.NET
		{D7503F57-3BA1-4729-A348-8927C544FAD5}.Debug.Build.0 = Debug|.NET
		{D7503F57-3BA1-4729-A348-8927C544FAD5}.Release.ActiveCfg = Release|.NET
		{D7503F57-3BA1-4729-A348-8927C544FAD5}.Release.Build.0 = Release|.NET
		{63EDE5F4-1373-41C3-84B9-8053E35CC40C}.Debug.ActiveCfg = Debug|.NET
		{63EDE5F4-1373-41C3-84B9-8053E35CC40C}.Debug.Build.0 = Debug|.NET
		{63EDE5F4-1373-41C3-84B9-8053E35CC40C}.Release.ActiveCfg = Release|.NET
		{63EDE5F4-1373-41C3-84B9-8053E35CC40C}.Release.Build.0 = Release|.NET
		{A11450BB-AE75-448E-A2F5-0183D0338D94}.Debug.ActiveCfg = Debug|.NET
		{A11450BB-AE75-448E-A2F5-0183D0338D94}.Debug.Build.0 = Debug|.NET
		{A11450BB-AE75-448E-A2F5-0183D0338D94}.Release.ActiveCfg = Release|.NET
		{A11450BB-AE75-448E-A2F5-0183D0338D94}.Release.Build.0 = Release|.NET
		{4BCF318F-F212-4560-8EE0-99A6618DA694}.Debug.ActiveCfg = Debug|.NET
		{4BCF318F-F212-4560-8EE0-99A6618DA694}.Debug.Build.0 = Debug|.NET
		{4BCF318F-F212-4560-8EE0-99A6618DA694}.Release.ActiveCfg = Release|.NET
		{4BCF318F-F212-4560-8EE0-99A6618DA694}.Release.Build.0 = Release|.NET
		{8B1D8F83-C235-4C34-8584-63E8FF4EF9E6}.Debug.ActiveCfg = Debug|.NET
		{8B1D8F83-C235-4C34-8584-63E8FF4EF9E6}.Debug.Build.0 = Debug|.NET
		{8B1D8F83-C235-4C34-8584-63E8FF4EF9E6}.Release.ActiveCfg = Release|.NET
		{8B1D8F83-C235-4C34-8584-63E8FF4EF9E6}.Release.Build.0 = Release|.NET
		{7A2C2C7C-9437-413E-9AEA-4C25AF162162}.Debug.ActiveCfg = Debug|.NET
		{7A2C2C7C-9437-413E-9AEA-4C25AF162162}.Debug.Build.0 = Debug|.NET
		{7A2C2C7C-9437-413E-9AEA-4C25AF162162}.Release.ActiveCfg = Release|.NET
		{7A2C2C7C-9437-413E-9AEA-4C25AF162162}.Release.Build.0 = Release|.NET
		{9E407AC7-6EE2-4C32-900E-8B90C9B9AB60}.Debug.ActiveCfg = Debug|.NET
		{9E407AC7-6EE2-4C32-900E-8B90C9B9AB60}.Debug.Build.0 = Debug|.NET
		{9E407AC7-6EE2-4C32-900E-8B90C9B9AB60}.Release.ActiveCfg = Release|.NET
		{9E407AC7-6EE2-4C32-900E-8B90C9B9AB60}.Release.Build.0 = Release|.NET
		{A98915E5-B09A-412F-BE5B-7F04CC4E7E1F}.Debug.ActiveCfg = Debug|.NET
		{A98915E5-B09A-412F-BE5B-7F04CC4E7E1F}.Debug.Build.0 = Debug|.NET
		{A98915E5-B09A-412F-BE5B-7F04CC4E7E1F}.Release.ActiveCfg = Release|.NET
		{A98915E5-B09A-412F-BE5B-7F04CC4E7E1F}.Release.Build.0 = Release|.NET
		{9DF9BC22-ED03-45D4-AE91-0F5A97A2A9D4}.Debug.ActiveCfg = Debug|.NET
		{9DF9BC22-ED03-45D4-AE91-0F5A97A2A9D4}.Debug.Build.0 = Debug|.NET
		{9DF9BC22-ED03-45D4-AE91-0F5A97A2A9D4}.Release.ActiveCfg = Release|.NET
		{9DF9BC22-ED03-45D4-AE91-0F5A97A2A9D4}.Release.Build.0 = Release|.NET
		{D6286288-B983-4C2C-91F3-990B88E249A9}.Debug.ActiveCfg = Debug|.NET
		{D6286288-B983-4C2C-91F3-990B88E249A9}.Debug.Build.0 = Debug|.NET
		{D6286288-B983-4C2C-91F3-990B88E249A9}.Release.ActiveCfg = Release|.NET
		{D6286288-B983-4C2C-91F3-990B88E249A9}.Release.Build.0 = Release|.NET
		{BBE1B255-7479-4A7D-AD10-4EECD3FFBAE1}.Debug.ActiveCfg = Debug|.NET
		{BBE1B255-7479-4A7D-AD10-4EECD3FFBAE1}.Debug.Build.0 = Debug|.NET
		{BBE1B255-7479-4A7D-AD10-4EECD3FFBAE1}.Release.ActiveCfg = Release|.NET
		{BBE1B255-7479-4A7D-AD10-4EECD3FFBAE1}.Release.Build.0 = Release|.NET
		{41D688E1-EB63-4665-A3AE-789F5DE72639}.Debug.ActiveCfg = Debug|.NET
		{41D688E1-EB63-4665-A3AE-789F5DE72639}.Debug.Build.0 = Debug|.NET
		{41D688E1-EB63-4665-A3AE-789F5DE72639}.Release.ActiveCfg = Release|.NET
		{41D688E1-EB63-4665-A3AE-789F5DE72639}.Release.Build.0 = Release|.NET
		{570D8A61-79E8-44C8-BD6D-3220D8AEDCF6}.Debug.ActiveCfg = Debug|.NET
		{570D8A61-79E8-44C8-BD6D-3220D8AEDCF6}.Debug.Build.0 = Debug|.NET
		{570D8A61-79E8-44C8-BD6D-3220D8AEDCF6}.Release.ActiveCfg = Release|.NET
		{570D8A61-79E8-44C8-BD6D-3220D8AEDCF6}.Release.Build.0 = Release|.NET
		{23E72B8E-8F2F-4BE8-B070-83204E8C27C9}.Debug.ActiveCfg = Debug|.NET
		{23E72B8E-8F2F-4BE8-B070-83204E8C27C9}.Debug.Build.0 = Debug|.NET
		{23E72B8E-8F2F-4BE8-B070-83204E8C27C9}.Release.ActiveCfg = Release|.NET
		{23E72B8E-8F2F-4BE8-B070-83204E8C27C9}.Release.Build.0 = Release|.NET
	EndGlobalSection
	GlobalSection(ExtensibilityGlobals) = postSolution
	EndGlobalSection
	GlobalSection(ExtensibilityAddIns) = postSolution
	EndGlobalSection
EndGlobal
