
Microsoft Visual Studio Solution File, Format Version 9.00
# Visual Studio 2005
Project("{FAE04EC0-301F-11D3-BF4B-00C04F79EFBC}") = "AnimatableResourceDemo", "AnimatableResourceDemo.csproj", "{1269E2AF-60D7-47D3-A172-9770DF609C09}"
EndProject
Global
	GlobalSection(SolutionConfigurationPlatforms) = preSolution
		Debug|Any CPU = Debug|Any CPU
		Release|Any CPU = Release|Any CPU
	EndGlobalSection
	GlobalSection(ProjectConfigurationPlatforms) = postSolution
		{1269E2AF-60D7-47D3-A172-9770DF609C09}.Debug|Any CPU.ActiveCfg = Debug|Any CPU
		{1269E2AF-60D7-47D3-A172-9770DF609C09}.Debug|Any CPU.Build.0 = Debug|Any CPU
		{1269E2AF-60D7-47D3-A172-9770DF609C09}.Release|Any CPU.ActiveCfg = Release|Any CPU
		{1269E2AF-60D7-47D3-A172-9770DF609C09}.Release|Any CPU.Build.0 = Release|Any CPU
	EndGlobalSection
	GlobalSection(SolutionProperties) = preSolution
		HideSolutionNode = FALSE
	EndGlobalSection
EndGlobal
