
Microsoft Visual Studio Solution File, Format Version 9.00
# Visual Studio 2005
Project("{FAE04EC0-301F-11D3-BF4B-00C04F79EFBC}") = "DeviceIndependentButton", "DeviceIndependentButton.csproj", "{44653B64-5473-4779-8F39-6B25E1E4277E}"
EndProject
Global
	GlobalSection(SolutionConfigurationPlatforms) = preSolution
		Debug|Any CPU = Debug|Any CPU
		Release|Any CPU = Release|Any CPU
	EndGlobalSection
	GlobalSection(ProjectConfigurationPlatforms) = postSolution
		{44653B64-5473-4779-8F39-6B25E1E4277E}.Debug|Any CPU.ActiveCfg = Debug|Any CPU
		{44653B64-5473-4779-8F39-6B25E1E4277E}.Debug|Any CPU.Build.0 = Debug|Any CPU
		{44653B64-5473-4779-8F39-6B25E1E4277E}.Release|Any CPU.ActiveCfg = Release|Any CPU
		{44653B64-5473-4779-8F39-6B25E1E4277E}.Release|Any CPU.Build.0 = Release|Any CPU
	EndGlobalSection
	GlobalSection(SolutionProperties) = preSolution
		HideSolutionNode = FALSE
	EndGlobalSection
EndGlobal
