Microsoft Visual Studio Solution File, Format Version 7.00
Project("{F184B08F-C81C-45F6-A57F-5ABD9991F28F}") = "OnePanelWithSplitter", "OnePanelWithSplitter\OnePanelWithSplitter.vbproj", "{6BA3CA2B-2A88-437C-8F52-28EBB8CAB288}"
EndProject
Project("{F184B08F-C81C-45F6-A57F-5ABD9991F28F}") = "TwoPanelsWithSplitter", "TwoPanelsWithSplitter\TwoPanelsWithSplitter.vbproj", "{0F3FB5A9-8A5F-457B-B2F8-EF990D23D036}"
EndProject
Project("{F184B08F-C81C-45F6-A57F-5ABD9991F28F}") = "SplitThreeAcross", "SplitThreeAcross\SplitThreeAcross.vbproj", "{61D4CF8D-99DD-485A-8424-2B43CE93C559}"
EndProject
Project("{F184B08F-C81C-45F6-A57F-5ABD9991F28F}") = "SplitThreeFrames", "SplitThreeFrames\SplitThreeFrames.vbproj", "{C9B4C25C-9320-44A2-9184-79829692FB4E}"
EndProject
Project("{F184B08F-C81C-45F6-A57F-5ABD9991F28F}") = "SplitTwoProportional", "SplitTwoProportional\SplitTwoProportional.vbproj", "{6E22873B-91D1-4C3E-A6BB-958E1DF9C2EA}"
EndProject
Project("{F184B08F-C81C-45F6-A57F-5ABD9991F28F}") = "SimpleTreeView", "SimpleTreeView\SimpleTreeView.vbproj", "{0F85F114-DD32-43B2-BEF7-7694DBC28711}"
EndProject
Project("{F184B08F-C81C-45F6-A57F-5ABD9991F28F}") = "DirectoriesAndFiles", "DirectoriesAndFiles\DirectoriesAndFiles.vbproj", "{EE14A35B-435F-4F09-9518-132126F233DA}"
EndProject
Project("{F184B08F-C81C-45F6-A57F-5ABD9991F28F}") = "SysInfoListView", "SysInfoListView\SysInfoListView.vbproj", "{E2ACCF28-BA54-48F1-8785-C63D32BEEC21}"
EndProject
Project("{F184B08F-C81C-45F6-A57F-5ABD9991F28F}") = "ImageDirectory", "ImageDirectory\ImageDirectory.vbproj", "{ECA92513-6286-49A8-9DAF-80D509590C47}"
EndProject
Project("{F184B08F-C81C-45F6-A57F-5ABD9991F28F}") = "ExplorerLike", "ExplorerLike\ExplorerLike.vbproj", "{06B015D4-744B-4437-9DDA-6FC339DF4348}"
EndProject
Global
	GlobalSection(SolutionConfiguration) = preSolution
		ConfigName.0 = Debug
		ConfigName.1 = Release
	EndGlobalSection
	GlobalSection(ProjectDependencies) = postSolution
	EndGlobalSection
	GlobalSection(ProjectConfiguration) = postSolution
		{6BA3CA2B-2A88-437C-8F52-28EBB8CAB288}.Debug.ActiveCfg = Debug|.NET
		{6BA3CA2B-2A88-437C-8F52-28EBB8CAB288}.Debug.Build.0 = Debug|.NET
		{6BA3CA2B-2A88-437C-8F52-28EBB8CAB288}.Release.ActiveCfg = Release|.NET
		{6BA3CA2B-2A88-437C-8F52-28EBB8CAB288}.Release.Build.0 = Release|.NET
		{0F3FB5A9-8A5F-457B-B2F8-EF990D23D036}.Debug.ActiveCfg = Debug|.NET
		{0F3FB5A9-8A5F-457B-B2F8-EF990D23D036}.Debug.Build.0 = Debug|.NET
		{0F3FB5A9-8A5F-457B-B2F8-EF990D23D036}.Release.ActiveCfg = Release|.NET
		{0F3FB5A9-8A5F-457B-B2F8-EF990D23D036}.Release.Build.0 = Release|.NET
		{61D4CF8D-99DD-485A-8424-2B43CE93C559}.Debug.ActiveCfg = Debug|.NET
		{61D4CF8D-99DD-485A-8424-2B43CE93C559}.Debug.Build.0 = Debug|.NET
		{61D4CF8D-99DD-485A-8424-2B43CE93C559}.Release.ActiveCfg = Release|.NET
		{61D4CF8D-99DD-485A-8424-2B43CE93C559}.Release.Build.0 = Release|.NET
		{C9B4C25C-9320-44A2-9184-79829692FB4E}.Debug.ActiveCfg = Debug|.NET
		{C9B4C25C-9320-44A2-9184-79829692FB4E}.Debug.Build.0 = Debug|.NET
		{C9B4C25C-9320-44A2-9184-79829692FB4E}.Release.ActiveCfg = Release|.NET
		{C9B4C25C-9320-44A2-9184-79829692FB4E}.Release.Build.0 = Release|.NET
		{6E22873B-91D1-4C3E-A6BB-958E1DF9C2EA}.Debug.ActiveCfg = Debug|.NET
		{6E22873B-91D1-4C3E-A6BB-958E1DF9C2EA}.Debug.Build.0 = Debug|.NET
		{6E22873B-91D1-4C3E-A6BB-958E1DF9C2EA}.Release.ActiveCfg = Release|.NET
		{6E22873B-91D1-4C3E-A6BB-958E1DF9C2EA}.Release.Build.0 = Release|.NET
		{0F85F114-DD32-43B2-BEF7-7694DBC28711}.Debug.ActiveCfg = Debug|.NET
		{0F85F114-DD32-43B2-BEF7-7694DBC28711}.Debug.Build.0 = Debug|.NET
		{0F85F114-DD32-43B2-BEF7-7694DBC28711}.Release.ActiveCfg = Release|.NET
		{0F85F114-DD32-43B2-BEF7-7694DBC28711}.Release.Build.0 = Release|.NET
		{EE14A35B-435F-4F09-9518-132126F233DA}.Debug.ActiveCfg = Debug|.NET
		{EE14A35B-435F-4F09-9518-132126F233DA}.Debug.Build.0 = Debug|.NET
		{EE14A35B-435F-4F09-9518-132126F233DA}.Release.ActiveCfg = Release|.NET
		{EE14A35B-435F-4F09-9518-132126F233DA}.Release.Build.0 = Release|.NET
		{E2ACCF28-BA54-48F1-8785-C63D32BEEC21}.Debug.ActiveCfg = Debug|.NET
		{E2ACCF28-BA54-48F1-8785-C63D32BEEC21}.Debug.Build.0 = Debug|.NET
		{E2ACCF28-BA54-48F1-8785-C63D32BEEC21}.Release.ActiveCfg = Release|.NET
		{E2ACCF28-BA54-48F1-8785-C63D32BEEC21}.Release.Build.0 = Release|.NET
		{ECA92513-6286-49A8-9DAF-80D509590C47}.Debug.ActiveCfg = Debug|.NET
		{ECA92513-6286-49A8-9DAF-80D509590C47}.Debug.Build.0 = Debug|.NET
		{ECA92513-6286-49A8-9DAF-80D509590C47}.Release.ActiveCfg = Release|.NET
		{ECA92513-6286-49A8-9DAF-80D509590C47}.Release.Build.0 = Release|.NET
		{06B015D4-744B-4437-9DDA-6FC339DF4348}.Debug.ActiveCfg = Debug|.NET
		{06B015D4-744B-4437-9DDA-6FC339DF4348}.Debug.Build.0 = Debug|.NET
		{06B015D4-744B-4437-9DDA-6FC339DF4348}.Release.ActiveCfg = Release|.NET
		{06B015D4-744B-4437-9DDA-6FC339DF4348}.Release.Build.0 = Release|.NET
	EndGlobalSection
	GlobalSection(ExtensibilityGlobals) = postSolution
	EndGlobalSection
	GlobalSection(ExtensibilityAddIns) = postSolution
	EndGlobalSection
EndGlobal
