Microsoft Visual Studio Solution File, Format Version 7.00
Project("{FAE04EC0-301F-11D3-BF4B-00C04F79EFBC}") = "SieveWithGoto", "SieveWithGoto.csproj", "{5C790E33-FDAC-457A-A86E-5B5384037A58}"
EndProject
Global
	GlobalSection(SolutionConfiguration) = preSolution
		ConfigName.0 = Debug
		ConfigName.1 = Release
	EndGlobalSection
	GlobalSection(ProjectDependencies) = postSolution
	EndGlobalSection
	GlobalSection(ProjectConfiguration) = postSolution
		{5C790E33-FDAC-457A-A86E-5B5384037A58}.Debug.ActiveCfg = Debug|.NET
		{5C790E33-FDAC-457A-A86E-5B5384037A58}.Debug.Build.0 = Debug|.NET
		{5C790E33-FDAC-457A-A86E-5B5384037A58}.Release.ActiveCfg = Release|.NET
		{5C790E33-FDAC-457A-A86E-5B5384037A58}.Release.Build.0 = Release|.NET
	EndGlobalSection
	GlobalSection(ExtensibilityGlobals) = postSolution
	EndGlobalSection
	GlobalSection(ExtensibilityAddIns) = postSolution
	EndGlobalSection
EndGlobal
