Microsoft Visual Studio Solution File, Format Version 7.00
Project("{FAE04EC0-301F-11D3-BF4B-00C04F79EFBC}") = "ZeeNames", "ZeeNames.csproj", "{7CB19B5D-D1A7-4ABF-9FFF-C61116D876EE}"
EndProject
Global
	GlobalSection(SolutionConfiguration) = preSolution
		ConfigName.0 = Debug
		ConfigName.1 = Release
	EndGlobalSection
	GlobalSection(ProjectDependencies) = postSolution
	EndGlobalSection
	GlobalSection(ProjectConfiguration) = postSolution
		{7CB19B5D-D1A7-4ABF-9FFF-C61116D876EE}.Debug.ActiveCfg = Debug|.NET
		{7CB19B5D-D1A7-4ABF-9FFF-C61116D876EE}.Debug.Build.0 = Debug|.NET
		{7CB19B5D-D1A7-4ABF-9FFF-C61116D876EE}.Release.ActiveCfg = Release|.NET
		{7CB19B5D-D1A7-4ABF-9FFF-C61116D876EE}.Release.Build.0 = Release|.NET
	EndGlobalSection
	GlobalSection(ExtensibilityGlobals) = postSolution
	EndGlobalSection
	GlobalSection(ExtensibilityAddIns) = postSolution
	EndGlobalSection
EndGlobal
