
Microsoft Visual Studio Solution File, Format Version 9.00
# Visual C# Express 2005
Project("{FAE04EC0-301F-11D3-BF4B-00C04F79EFBC}") = "FlowPanelAboutBox1", "FlowPanelAboutBox1.csproj", "{D5D8F057-6538-4C8C-9874-C8AA443E7D2B}"
EndProject
Global
	GlobalSection(SolutionConfigurationPlatforms) = preSolution
		Debug|Any CPU = Debug|Any CPU
		Release|Any CPU = Release|Any CPU
	EndGlobalSection
	GlobalSection(ProjectConfigurationPlatforms) = postSolution
		{D5D8F057-6538-4C8C-9874-C8AA443E7D2B}.Debug|Any CPU.ActiveCfg = Debug|Any CPU
		{D5D8F057-6538-4C8C-9874-C8AA443E7D2B}.Debug|Any CPU.Build.0 = Debug|Any CPU
		{D5D8F057-6538-4C8C-9874-C8AA443E7D2B}.Release|Any CPU.ActiveCfg = Release|Any CPU
		{D5D8F057-6538-4C8C-9874-C8AA443E7D2B}.Release|Any CPU.Build.0 = Release|Any CPU
	EndGlobalSection
	GlobalSection(SolutionProperties) = preSolution
		HideSolutionNode = FALSE
	EndGlobalSection
EndGlobal
