Microsoft Visual Studio Solution File, Format Version 7.00
Project("{FAE04EC0-301F-11D3-BF4B-00C04F79EFBC}") = "CalculationWithSeparateFile", "CalculationWithSeparateFile.csproj", "{C879C85C-39BB-49A0-8300-805C74E0D713}"
EndProject
Global
	GlobalSection(SolutionConfiguration) = preSolution
		ConfigName.0 = Debug
		ConfigName.1 = Release
	EndGlobalSection
	GlobalSection(ProjectDependencies) = postSolution
	EndGlobalSection
	GlobalSection(ProjectConfiguration) = postSolution
		{C879C85C-39BB-49A0-8300-805C74E0D713}.Debug.ActiveCfg = Debug|.NET
		{C879C85C-39BB-49A0-8300-805C74E0D713}.Debug.Build.0 = Debug|.NET
		{C879C85C-39BB-49A0-8300-805C74E0D713}.Release.ActiveCfg = Release|.NET
		{C879C85C-39BB-49A0-8300-805C74E0D713}.Release.Build.0 = Release|.NET
	EndGlobalSection
	GlobalSection(ExtensibilityGlobals) = postSolution
	EndGlobalSection
	GlobalSection(ExtensibilityAddIns) = postSolution
	EndGlobalSection
EndGlobal
