Microsoft Visual Studio Solution File, Format Version 7.00
Project("{FAE04EC0-301F-11D3-BF4B-00C04F79EFBC}") = "CSharpBach", "CSharpBach.csproj", "{73B1E614-33FE-4BD0-9659-982B41F10577}"
EndProject
Global
	GlobalSection(SolutionConfiguration) = preSolution
		ConfigName.0 = Debug
		ConfigName.1 = Release
	EndGlobalSection
	GlobalSection(ProjectDependencies) = postSolution
	EndGlobalSection
	GlobalSection(ProjectConfiguration) = postSolution
		{73B1E614-33FE-4BD0-9659-982B41F10577}.Debug.ActiveCfg = Debug|.NET
		{73B1E614-33FE-4BD0-9659-982B41F10577}.Debug.Build.0 = Debug|.NET
		{73B1E614-33FE-4BD0-9659-982B41F10577}.Release.ActiveCfg = Release|.NET
		{73B1E614-33FE-4BD0-9659-982B41F10577}.Release.Build.0 = Release|.NET
	EndGlobalSection
	GlobalSection(ExtensibilityGlobals) = postSolution
	EndGlobalSection
	GlobalSection(ExtensibilityAddIns) = postSolution
	EndGlobalSection
EndGlobal
